// !$*UTF8*$!
{
	archiveVersion = 1;
	classes = {
	};
	objectVersion = 46;
	objects = {

/* Begin PBXBuildFile section */
		4BCACDA1213D56880043B75B /* template.cpp in Sources */ = {isa = PBXBuildFile; fileRef = 4BCACD9F213D56880043B75B /* template.cpp */; };
		4BCACDA4213DA0F80043B75B /* LinkedList.cpp in Sources */ = {isa = PBXBuildFile; fileRef = 4BCACDA2213DA0F80043B75B /* LinkedList.cpp */; };
		4BCACDA7213DA79D0043B75B /* Stack.cpp in Sources */ = {isa = PBXBuildFile; fileRef = 4BCACDA5213DA79D0043B75B /* Stack.cpp */; };
		4BCACDAA213DAB7C0043B75B /* Queue.cpp in Sources */ = {isa = PBXBuildFile; fileRef = 4BCACDA8213DAB7C0043B75B /* Queue.cpp */; };
		4BCACDAD213DAF8C0043B75B /* vector.cpp in Sources */ = {isa = PBXBuildFile; fileRef = 4BCACDAB213DAF8C0043B75B /* vector.cpp */; };
/* End PBXBuildFile section */

/* Begin PBXCopyFilesBuildPhase section */
		4BCACD92213D55440043B75B /* CopyFiles */ = {
			isa = PBXCopyFilesBuildPhase;
			buildActionMask = 2147483647;
			dstPath = /usr/share/man/man1/;
			dstSubfolderSpec = 0;
			files = (
			);
			runOnlyForDeploymentPostprocessing = 1;
		};
/* End PBXCopyFilesBuildPhase section */

/* Begin PBXFileReference section */
		4BCACD94213D55440043B75B /* C++Practice */ = {isa = PBXFileReference; explicitFileType = "compiled.mach-o.executable"; includeInIndex = 0; path = "C++Practice"; sourceTree = BUILT_PRODUCTS_DIR; };
		4BCACD9E213D55620043B75B /* template.h */ = {isa = PBXFileReference; lastKnownFileType = sourcecode.c.h; path = template.h; sourceTree = "<group>"; };
		4BCACD9F213D56880043B75B /* template.cpp */ = {isa = PBXFileReference; fileEncoding = 4; lastKnownFileType = sourcecode.cpp.cpp; name = template.cpp; path = ../template.cpp; sourceTree = "<group>"; };
		4BCACDA2213DA0F80043B75B /* LinkedList.cpp */ = {isa = PBXFileReference; fileEncoding = 4; lastKnownFileType = sourcecode.cpp.cpp; name = LinkedList.cpp; path = DataStructures/LinkedList.cpp; sourceTree = "<group>"; };
		4BCACDA3213DA0F80043B75B /* LinkedList.hpp */ = {isa = PBXFileReference; fileEncoding = 4; lastKnownFileType = sourcecode.cpp.h; name = LinkedList.hpp; path = DataStructures/LinkedList.hpp; sourceTree = "<group>"; };
		4BCACDA5213DA79D0043B75B /* Stack.cpp */ = {isa = PBXFileReference; fileEncoding = 4; lastKnownFileType = sourcecode.cpp.cpp; name = Stack.cpp; path = DataStructures/Stack.cpp; sourceTree = "<group>"; };
		4BCACDA6213DA79D0043B75B /* Stack.hpp */ = {isa = PBXFileReference; fileEncoding = 4; lastKnownFileType = sourcecode.cpp.h; name = Stack.hpp; path = DataStructures/Stack.hpp; sourceTree = "<group>"; };
		4BCACDA8213DAB7C0043B75B /* Queue.cpp */ = {isa = PBXFileReference; fileEncoding = 4; lastKnownFileType = sourcecode.cpp.cpp; path = Queue.cpp; sourceTree = "<group>"; };
		4BCACDA9213DAB7C0043B75B /* Queue.hpp */ = {isa = PBXFileReference; fileEncoding = 4; lastKnownFileType = sourcecode.cpp.h; path = Queue.hpp; sourceTree = "<group>"; };
		4BCACDAB213DAF8C0043B75B /* vector.cpp */ = {isa = PBXFileReference; fileEncoding = 4; lastKnownFileType = sourcecode.cpp.cpp; name = vector.cpp; path = DataStructures/vector.cpp; sourceTree = "<group>"; };
		4BCACDAC213DAF8C0043B75B /* vector.hpp */ = {isa = PBXFileReference; fileEncoding = 4; lastKnownFileType = sourcecode.cpp.h; name = vector.hpp; path = DataStructures/vector.hpp; sourceTree = "<group>"; };
/* End PBXFileReference section */

/* Begin PBXFrameworksBuildPhase section */
		4BCACD91213D55440043B75B /* Frameworks */ = {
			isa = PBXFrameworksBuildPhase;
			buildActionMask = 2147483647;
			files = (
			);
			runOnlyForDeploymentPostprocessing = 0;
		};
/* End PBXFrameworksBuildPhase section */

/* Begin PBXGroup section */
		4BCACD8B213D55440043B75B = {
			isa = PBXGroup;
			children = (
				4BCACDAB213DAF8C0043B75B /* vector.cpp */,
				4BCACDAC213DAF8C0043B75B /* vector.hpp */,
				4BCACDA8213DAB7C0043B75B /* Queue.cpp */,
				4BCACDA9213DAB7C0043B75B /* Queue.hpp */,
				4BCACDA5213DA79D0043B75B /* Stack.cpp */,
				4BCACDA6213DA79D0043B75B /* Stack.hpp */,
				4BCACDA2213DA0F80043B75B /* LinkedList.cpp */,
				4BCACDA3213DA0F80043B75B /* LinkedList.hpp */,
				4BCACD96213D55440043B75B /* C++Practice */,
				4BCACD95213D55440043B75B /* Products */,
			);
			sourceTree = "<group>";
		};
		4BCACD95213D55440043B75B /* Products */ = {
			isa = PBXGroup;
			children = (
				4BCACD94213D55440043B75B /* C++Practice */,
			);
			name = Products;
			sourceTree = "<group>";
		};
		4BCACD96213D55440043B75B /* C++Practice */ = {
			isa = PBXGroup;
			children = (
				4BCACD9F213D56880043B75B /* template.cpp */,
				4BCACD9E213D55620043B75B /* template.h */,
			);
			path = "C++Practice";
			sourceTree = "<group>";
		};
/* End PBXGroup section */

/* Begin PBXNativeTarget section */
		4BCACD93213D55440043B75B /* C++Practice */ = {
			isa = PBXNativeTarget;
			buildConfigurationList = 4BCACD9B213D55440043B75B /* Build configuration list for PBXNativeTarget "C++Practice" */;
			buildPhases = (
				4BCACD90213D55440043B75B /* Sources */,
				4BCACD91213D55440043B75B /* Frameworks */,
				4BCACD92213D55440043B75B /* CopyFiles */,
			);
			buildRules = (
			);
			dependencies = (
			);
			name = "C++Practice";
			productName = "C++Practice";
			productReference = 4BCACD94213D55440043B75B /* C++Practice */;
			productType = "com.apple.product-type.tool";
		};
/* End PBXNativeTarget section */

/* Begin PBXProject section */
		4BCACD8C213D55440043B75B /* Project object */ = {
			isa = PBXProject;
			attributes = {
				LastUpgradeCheck = 0730;
				ORGANIZATIONNAME = "Komal Gujarathi";
				TargetAttributes = {
					4BCACD93213D55440043B75B = {
						CreatedOnToolsVersion = 7.3.1;
					};
				};
			};
			buildConfigurationList = 4BCACD8F213D55440043B75B /* Build configuration list for PBXProject "C++Practice" */;
			compatibilityVersion = "Xcode 3.2";
			developmentRegion = English;
			hasScannedForEncodings = 0;
			knownRegions = (
				en,
			);
			mainGroup = 4BCACD8B213D55440043B75B;
			productRefGroup = 4BCACD95213D55440043B75B /* Products */;
			projectDirPath = "";
			projectRoot = "";
			targets = (
				4BCACD93213D55440043B75B /* C++Practice */,
			);
		};
/* End PBXProject section */

/* Begin PBXSourcesBuildPhase section */
		4BCACD90213D55440043B75B /* Sources */ = {
			isa = PBXSourcesBuildPhase;
			buildActionMask = 2147483647;
			files = (
				4BCACDA4213DA0F80043B75B /* LinkedList.cpp in Sources */,
				4BCACDA1213D56880043B75B /* template.cpp in Sources */,
				4BCACDA7213DA79D0043B75B /* Stack.cpp in Sources */,
				4BCACDAA213DAB7C0043B75B /* Queue.cpp in Sources */,
				4BCACDAD213DAF8C0043B75B /* vector.cpp in Sources */,
			);
			runOnlyForDeploymentPostprocessing = 0;
		};
/* End PBXSourcesBuildPhase section */

/* Begin XCBuildConfiguration section */
		4BCACD99213D55440043B75B /* Debug */ = {
			isa = XCBuildConfiguration;
			buildSettings = {
				ALWAYS_SEARCH_USER_PATHS = NO;
				CLANG_ANALYZER_NONNULL = YES;
				CLANG_CXX_LANGUAGE_STANDARD = "gnu++0x";
				CLANG_CXX_LIBRARY = "libc++";
				CLANG_ENABLE_MODULES = YES;
				CLANG_ENABLE_OBJC_ARC = YES;
				CLANG_WARN_BOOL_CONVERSION = YES;
				CLANG_WARN_CONSTANT_CONVERSION = YES;
				CLANG_WARN_DIRECT_OBJC_ISA_USAGE = YES_ERROR;
				CLANG_WARN_EMPTY_BODY = YES;
				CLANG_WARN_ENUM_CONVERSION = YES;
				CLANG_WARN_INT_CONVERSION = YES;
				CLANG_WARN_OBJC_ROOT_CLASS = YES_ERROR;
				CLANG_WARN_UNREACHABLE_CODE = YES;
				CLANG_WARN__DUPLICATE_METHOD_MATCH = YES;
				CODE_SIGN_IDENTITY = "-";
				COPY_PHASE_STRIP = NO;
				DEBUG_INFORMATION_FORMAT = dwarf;
				ENABLE_STRICT_OBJC_MSGSEND = YES;
				ENABLE_TESTABILITY = YES;
				GCC_C_LANGUAGE_STANDARD = gnu99;
				GCC_DYNAMIC_NO_PIC = NO;
				GCC_NO_COMMON_BLOCKS = YES;
				GCC_OPTIMIZATION_LEVEL = 0;
				GCC_PREPROCESSOR_DEFINITIONS = (
					"DEBUG=1",
					"$(inherited)",
				);
				GCC_WARN_64_TO_32_BIT_CONVERSION = YES;
				GCC_WARN_ABOUT_RETURN_TYPE = YES_ERROR;
				GCC_WARN_UNDECLARED_SELECTOR = YES;
				GCC_WARN_UNINITIALIZED_AUTOS = YES_AGGRESSIVE;
				GCC_WARN_UNUSED_FUNCTION = YES;
				GCC_WARN_UNUSED_VARIABLE = YES;
				MACOSX_DEPLOYMENT_TARGET = 10.13;
				MTL_ENABLE_DEBUG_INFO = YES;
				ONLY_ACTIVE_ARCH = YES;
				SDKROOT = macosx;
			};
			name = Debug;
		};
		4BCACD9A213D55440043B75B /* Release */ = {
			isa = XCBuildConfiguration;
			buildSettings = {
				ALWAYS_SEARCH_USER_PATHS = NO;
				CLANG_ANALYZER_NONNULL = YES;
				CLANG_CXX_LANGUAGE_STANDARD = "gnu++0x";
				CLANG_CXX_LIBRARY = "libc++";
				CLANG_ENABLE_MODULES = YES;
				CLANG_ENABLE_OBJC_ARC = YES;
				CLANG_WARN_BOOL_CONVERSION = YES;
				CLANG_WARN_CONSTANT_CONVERSION = YES;
				CLANG_WARN_DIRECT_OBJC_ISA_USAGE = YES_ERROR;
				CLANG_WARN_EMPTY_BODY = YES;
				CLANG_WARN_ENUM_CONVERSION = YES;
				CLANG_WARN_INT_CONVERSION = YES;
				CLANG_WARN_OBJC_ROOT_CLASS = YES_ERROR;
				CLANG_WARN_UNREACHABLE_CODE = YES;
				CLANG_WARN__DUPLICATE_METHOD_MATCH = YES;
				CODE_SIGN_IDENTITY = "-";
				COPY_PHASE_STRIP = NO;
				DEBUG_INFORMATION_FORMAT = "dwarf-with-dsym";
				ENABLE_NS_ASSERTIONS = NO;
				ENABLE_STRICT_OBJC_MSGSEND = YES;
				GCC_C_LANGUAGE_STANDARD = gnu99;
				GCC_NO_COMMON_BLOCKS = YES;
				GCC_WARN_64_TO_32_BIT_CONVERSION = YES;
				GCC_WARN_ABOUT_RETURN_TYPE = YES_ERROR;
				GCC_WARN_UNDECLARED_SELECTOR = YES;
				GCC_WARN_UNINITIALIZED_AUTOS = YES_AGGRESSIVE;
				GCC_WARN_UNUSED_FUNCTION = YES;
				GCC_WARN_UNUSED_VARIABLE = YES;
				MACOSX_DEPLOYMENT_TARGET = 10.13;
				MTL_ENABLE_DEBUG_INFO = NO;
				SDKROOT = macosx;
			};
			name = Release;
		};
		4BCACD9C213D55440043B75B /* Debug */ = {
			isa = XCBuildConfiguration;
			buildSettings = {
				PRODUCT_NAME = "$(TARGET_NAME)";
			};
			name = Debug;
		};
		4BCACD9D213D55440043B75B /* Release */ = {
			isa = XCBuildConfiguration;
			buildSettings = {
				PRODUCT_NAME = "$(TARGET_NAME)";
			};
			name = Release;
		};
/* End XCBuildConfiguration section */

/* Begin XCConfigurationList section */
		4BCACD8F213D55440043B75B /* Build configuration list for PBXProject "C++Practice" */ = {
			isa = XCConfigurationList;
			buildConfigurations = (
				4BCACD99213D55440043B75B /* Debug */,
				4BCACD9A213D55440043B75B /* Release */,
			);
			defaultConfigurationIsVisible = 0;
			defaultConfigurationName = Release;
		};
		4BCACD9B213D55440043B75B /* Build configuration list for PBXNativeTarget "C++Practice" */ = {
			isa = XCConfigurationList;
			buildConfigurations = (
				4BCACD9C213D55440043B75B /* Debug */,
				4BCACD9D213D55440043B75B /* Release */,
			);
			defaultConfigurationIsVisible = 0;
		};
/* End XCConfigurationList section */
	};
	rootObject = 4BCACD8C213D55440043B75B /* Project object */;
}
